
Microsoft Visual Studio Solution File, Format Version 12.00
# Visual Studio Version 17
VisualStudioVersion = 17.7.34009.444
MinimumVisualStudioVersion = 10.0.40219.1
Project("{FAE04EC0-301F-11D3-BF4B-00C04F79EFBC}") = "BulkyBookWeb", "BulkyBookWeb\BulkyBookWeb.csproj", "{FCEC3A66-68CC-4992-88F3-56525F31F92C}"
EndProject
Global
	GlobalSection(SolutionConfigurationPlatforms) = preSolution
		Debug|Any CPU = Debug|Any CPU
		Release|Any CPU = Release|Any CPU
	EndGlobalSection
	GlobalSection(ProjectConfigurationPlatforms) = postSolution
		{FCEC3A66-68CC-4992-88F3-56525F31F92C}.Debug|Any CPU.ActiveCfg = Debug|Any CPU
		{FCEC3A66-68CC-4992-88F3-56525F31F92C}.Debug|Any CPU.Build.0 = Debug|Any CPU
		{FCEC3A66-68CC-4992-88F3-56525F31F92C}.Release|Any CPU.ActiveCfg = Release|Any CPU
		{FCEC3A66-68CC-4992-88F3-56525F31F92C}.Release|Any CPU.Build.0 = Release|Any CPU
	EndGlobalSection
	GlobalSection(SolutionProperties) = preSolution
		HideSolutionNode = FALSE
	EndGlobalSection
	GlobalSection(ExtensibilityGlobals) = postSolution
		SolutionGuid = {A2C358A8-D700-45E9-9870-E196983BFF8D}
	EndGlobalSection
EndGlobal
